# THIS IS AN AUTOGENERATED FILE. DO NOT EDIT THIS FILE DIRECTLY.
# yarn lockfile v1


"@discordjs/builders@^1.7.0":
  version "1.7.0"
  resolved "https://registry.yarnpkg.com/@discordjs/builders/-/builders-1.7.0.tgz#e2478c7e55b0f4c40837edb8f102bce977323a37"
  integrity sha512-GDtbKMkg433cOZur8Dv6c25EHxduNIBsxeHrsRoIM8+AwmEZ8r0tEpckx/sHwTLwQPOF3e2JWloZh9ofCaMfAw==
  dependencies:
    "@discordjs/formatters" "^0.3.3"
    "@discordjs/util" "^1.0.2"
    "@sapphire/shapeshift" "^3.9.3"
    discord-api-types "0.37.61"
    fast-deep-equal "^3.1.3"
    ts-mixer "^6.0.3"
    tslib "^2.6.2"

"@discordjs/collection@1.5.3":
  version "1.5.3"
  resolved "https://registry.yarnpkg.com/@discordjs/collection/-/collection-1.5.3.tgz#5a1250159ebfff9efa4f963cfa7e97f1b291be18"
  integrity sha512-SVb428OMd3WO1paV3rm6tSjM4wC+Kecaa1EUGX7vc6/fddvw/6lg90z4QtCqm21zvVe92vMMDt9+DkIvjXImQQ==

"@discordjs/collection@^2.0.0":
  version "2.0.0"
  resolved "https://registry.yarnpkg.com/@discordjs/collection/-/collection-2.0.0.tgz#409b80c74eb8486cc4ee6a9b83426aaff1380f8c"
  integrity sha512-YTWIXLrf5FsrLMycpMM9Q6vnZoR/lN2AWX23/Cuo8uOOtS8eHB2dyQaaGnaF8aZPYnttf2bkLMcXn/j6JUOi3w==

"@discordjs/formatters@^0.3.3":
  version "0.3.3"
  resolved "https://registry.yarnpkg.com/@discordjs/formatters/-/formatters-0.3.3.tgz#b16fdd79bb819680ab7e519193004e9dc124a749"
  integrity sha512-wTcI1Q5cps1eSGhl6+6AzzZkBBlVrBdc9IUhJbijRgVjCNIIIZPgqnUj3ntFODsHrdbGU8BEG9XmDQmgEEYn3w==
  dependencies:
    discord-api-types "0.37.61"

"@discordjs/rest@^2.1.0":
  version "2.1.0"
  resolved "https://registry.yarnpkg.com/@discordjs/rest/-/rest-2.1.0.tgz#080df097333fc03226cdb3b528d1bd7472768764"
  integrity sha512-5gFWFkZX2JCFSRzs8ltx8bWmyVi0wPMk6pBa9KGIQSDPMmrP+uOrZ9j9HOwvmVWGe+LmZ5Bov0jMnQd6/jVReg==
  dependencies:
    "@discordjs/collection" "^2.0.0"
    "@discordjs/util" "^1.0.2"
    "@sapphire/async-queue" "^1.5.0"
    "@sapphire/snowflake" "^3.5.1"
    "@vladfrangu/async_event_emitter" "^2.2.2"
    discord-api-types "0.37.61"
    magic-bytes.js "^1.5.0"
    tslib "^2.6.2"
    undici "5.27.2"

"@discordjs/util@^1.0.2":
  version "1.0.2"
  resolved "https://registry.yarnpkg.com/@discordjs/util/-/util-1.0.2.tgz#dc1896d764452b1bd9707eb9aa99ccfbb30bd1c0"
  integrity sha512-IRNbimrmfb75GMNEjyznqM1tkI7HrZOf14njX7tCAAUetyZM1Pr8hX/EK2lxBCOgWDRmigbp24fD1hdMfQK5lw==

"@discordjs/ws@^1.0.2":
  version "1.0.2"
  resolved "https://registry.yarnpkg.com/@discordjs/ws/-/ws-1.0.2.tgz#3933b12d4686aabf6a95dfe5fb6e744342a661d1"
  integrity sha512-+XI82Rm2hKnFwAySXEep4A7Kfoowt6weO6381jgW+wVdTpMS/56qCvoXyFRY0slcv7c/U8My2PwIB2/wEaAh7Q==
  dependencies:
    "@discordjs/collection" "^2.0.0"
    "@discordjs/rest" "^2.1.0"
    "@discordjs/util" "^1.0.2"
    "@sapphire/async-queue" "^1.5.0"
    "@types/ws" "^8.5.9"
    "@vladfrangu/async_event_emitter" "^2.2.2"
    discord-api-types "0.37.61"
    tslib "^2.6.2"
    ws "^8.14.2"

"@fastify/busboy@^2.0.0":
  version "2.1.0"
  resolved "https://registry.yarnpkg.com/@fastify/busboy/-/busboy-2.1.0.tgz#0709e9f4cb252351c609c6e6d8d6779a8d25edff"
  integrity sha512-+KpH+QxZU7O4675t3mnkQKcZZg56u+K/Ct2K+N2AZYNVK8kyeo/bI18tI8aPm3tvNNRyTWfj6s5tnGNlcbQRsA==

"@moon250/yalogger@^0.1.0":
  version "0.1.0"
  resolved "https://registry.yarnpkg.com/@moon250/yalogger/-/yalogger-0.1.0.tgz#201413c8229d345963a08e0cb78cec29ec5ea7be"
  integrity sha512-53WKZCA8LEQNrsbj3HSFMU5OfHYME8J+v4oXuzFfzeET3SjAEWTo4mG5/WsuAe93dEX1rSBkud+Rj4MQiy17IQ==
  dependencies:
    colorette "^2.0.19"

"@redis/bloom@1.2.0":
  version "1.2.0"
  resolved "https://registry.yarnpkg.com/@redis/bloom/-/bloom-1.2.0.tgz#d3fd6d3c0af3ef92f26767b56414a370c7b63b71"
  integrity sha512-HG2DFjYKbpNmVXsa0keLHp/3leGJz1mjh09f2RLGGLQZzSHpkmZWuwJbAvo3QcRY8p80m5+ZdXZdYOSBLlp7Cg==

"@redis/client@1.5.11":
  version "1.5.11"
  resolved "https://registry.yarnpkg.com/@redis/client/-/client-1.5.11.tgz#5ee8620fea56c67cb427228c35d8403518efe622"
  integrity sha512-cV7yHcOAtNQ5x/yQl7Yw1xf53kO0FNDTdDU6bFIMbW6ljB7U7ns0YRM+QIkpoqTAt6zK5k9Fq0QWlUbLcq9AvA==
  dependencies:
    cluster-key-slot "1.1.2"
    generic-pool "3.9.0"
    yallist "4.0.0"

"@redis/graph@1.1.0":
  version "1.1.0"
  resolved "https://registry.yarnpkg.com/@redis/graph/-/graph-1.1.0.tgz#cc2b82e5141a29ada2cce7d267a6b74baa6dd519"
  integrity sha512-16yZWngxyXPd+MJxeSr0dqh2AIOi8j9yXKcKCwVaKDbH3HTuETpDVPcLujhFYVPtYrngSco31BUcSa9TH31Gqg==

"@redis/json@1.0.6":
  version "1.0.6"
  resolved "https://registry.yarnpkg.com/@redis/json/-/json-1.0.6.tgz#b7a7725bbb907765d84c99d55eac3fcf772e180e"
  integrity sha512-rcZO3bfQbm2zPRpqo82XbW8zg4G/w4W3tI7X8Mqleq9goQjAGLL7q/1n1ZX4dXEAmORVZ4s1+uKLaUOg7LrUhw==

"@redis/search@1.1.5":
  version "1.1.5"
  resolved "https://registry.yarnpkg.com/@redis/search/-/search-1.1.5.tgz#682b68114049ff28fdf2d82c580044dfb74199fe"
  integrity sha512-hPP8w7GfGsbtYEJdn4n7nXa6xt6hVZnnDktKW4ArMaFQ/m/aR7eFvsLQmG/mn1Upq99btPJk+F27IQ2dYpCoUg==

"@redis/time-series@1.0.5":
  version "1.0.5"
  resolved "https://registry.yarnpkg.com/@redis/time-series/-/time-series-1.0.5.tgz#a6d70ef7a0e71e083ea09b967df0a0ed742bc6ad"
  integrity sha512-IFjIgTusQym2B5IZJG3XKr5llka7ey84fw/NOYqESP5WUfQs9zz1ww/9+qoz4ka/S6KcGBodzlCeZ5UImKbscg==

"@sapphire/async-queue@^1.5.0":
  version "1.5.0"
  resolved "https://registry.yarnpkg.com/@sapphire/async-queue/-/async-queue-1.5.0.tgz#2f255a3f186635c4fb5a2381e375d3dfbc5312d8"
  integrity sha512-JkLdIsP8fPAdh9ZZjrbHWR/+mZj0wvKS5ICibcLrRI1j84UmLMshx5n9QmL8b95d4onJ2xxiyugTgSAX7AalmA==

"@sapphire/shapeshift@^3.9.3":
  version "3.9.3"
  resolved "https://registry.yarnpkg.com/@sapphire/shapeshift/-/shapeshift-3.9.3.tgz#89d26713044bc21cc5e0845e61a8a328ca3c1a84"
  integrity sha512-WzKJSwDYloSkHoBbE8rkRW8UNKJiSRJ/P8NqJ5iVq7U2Yr/kriIBx2hW+wj2Z5e5EnXL1hgYomgaFsdK6b+zqQ==
  dependencies:
    fast-deep-equal "^3.1.3"
    lodash "^4.17.21"

"@sapphire/snowflake@3.5.1", "@sapphire/snowflake@^3.5.1":
  version "3.5.1"
  resolved "https://registry.yarnpkg.com/@sapphire/snowflake/-/snowflake-3.5.1.tgz#254521c188b49e8b2d4cc048b475fb2b38737fec"
  integrity sha512-BxcYGzgEsdlG0dKAyOm0ehLGm2CafIrfQTZGWgkfKYbj+pNNsorZ7EotuZukc2MT70E0UbppVbtpBrqpzVzjNA==

"@sindresorhus/is@^5.2.0":
  version "5.6.0"
  resolved "https://registry.yarnpkg.com/@sindresorhus/is/-/is-5.6.0.tgz#41dd6093d34652cddb5d5bdeee04eafc33826668"
  integrity sha512-TV7t8GKYaJWsn00tFDqBw8+Uqmr8A0fRU1tvTQhyZzGv0sJCGRQL3JGMI3ucuKo3XIZdUP+Lx7/gh2t3lewy7g==

"@socket.io/component-emitter@~3.1.0":
  version "3.1.0"
  resolved "https://registry.yarnpkg.com/@socket.io/component-emitter/-/component-emitter-3.1.0.tgz#96116f2a912e0c02817345b3c10751069920d553"
  integrity sha512-+9jVqKhRSpsc591z5vX+X5Yyw+he/HCB4iQ/RYxw35CEPaY1gnsNE43nf9n9AaYjAQrTiI/mOwKUKdUs9vf7Xg==

"@szmarczak/http-timer@^5.0.1":
  version "5.0.1"
  resolved "https://registry.yarnpkg.com/@szmarczak/http-timer/-/http-timer-5.0.1.tgz#c7c1bf1141cdd4751b0399c8fc7b8b664cd5be3a"
  integrity sha512-+PmQX0PiAYPMeVYe237LJAYvOMYW1j2rH5YROyS3b4CTVJum34HfRvKvAzozHAQG0TnHNdUfY9nCeUyRAs//cw==
  dependencies:
    defer-to-connect "^2.0.1"

"@types/http-cache-semantics@^4.0.2":
  version "4.0.3"
  resolved "https://registry.yarnpkg.com/@types/http-cache-semantics/-/http-cache-semantics-4.0.3.tgz#a3ff232bf7d5c55f38e4e45693eda2ebb545794d"
  integrity sha512-V46MYLFp08Wf2mmaBhvgjStM3tPa+2GAdy/iqoX+noX1//zje2x4XmrIU0cAwyClATsTmahbtoQ2EwP7I5WSiA==

"@types/node@*", "@types/node@^20.8.10":
  version "20.8.10"
  resolved "https://registry.yarnpkg.com/@types/node/-/node-20.8.10.tgz#a5448b895c753ae929c26ce85cab557c6d4a365e"
  integrity sha512-TlgT8JntpcbmKUFzjhsyhGfP2fsiz1Mv56im6enJ905xG1DAYesxJaeSbGqQmAw8OWPdhyJGhGSQGKRNJ45u9w==
  dependencies:
    undici-types "~5.26.4"

"@types/ws@8.5.9", "@types/ws@^8.5.9":
  version "8.5.9"
  resolved "https://registry.yarnpkg.com/@types/ws/-/ws-8.5.9.tgz#384c489f99c83225a53f01ebc3eddf3b8e202a8c"
  integrity sha512-jbdrY0a8lxfdTp/+r7Z4CkycbOFN8WX+IOchLJr3juT/xzbJ8URyTVSJ/hvNdadTgM1mnedb47n+Y31GsFnQlg==
  dependencies:
    "@types/node" "*"

"@vladfrangu/async_event_emitter@^2.2.2":
  version "2.2.2"
  resolved "https://registry.yarnpkg.com/@vladfrangu/async_event_emitter/-/async_event_emitter-2.2.2.tgz#84c5a3f8d648842cec5cc649b88df599af32ed88"
  integrity sha512-HIzRG7sy88UZjBJamssEczH5q7t5+axva19UbZLO6u0ySbYPrwzWiXBcC0WuHyhKKoeCyneH+FvYzKQq/zTtkQ==

bufferutil@^4.0.8:
  version "4.0.8"
  resolved "https://registry.yarnpkg.com/bufferutil/-/bufferutil-4.0.8.tgz#1de6a71092d65d7766c4d8a522b261a6e787e8ea"
  integrity sha512-4T53u4PdgsXqKaIctwF8ifXlRTTmEPJ8iEPWFdGZvcf7sbwYo6FKFEX9eNNAnzFZ7EzJAQ3CJeOtCRA4rDp7Pw==
  dependencies:
    node-gyp-build "^4.3.0"

cacheable-lookup@^7.0.0:
  version "7.0.0"
  resolved "https://registry.yarnpkg.com/cacheable-lookup/-/cacheable-lookup-7.0.0.tgz#3476a8215d046e5a3202a9209dd13fec1f933a27"
  integrity sha512-+qJyx4xiKra8mZrcwhjMRMUhD5NR1R8esPkzIYxX96JiecFoxAXFuz/GpR3+ev4PE1WamHip78wV0vcmPQtp8w==

cacheable-request@^10.2.8:
  version "10.2.14"
  resolved "https://registry.yarnpkg.com/cacheable-request/-/cacheable-request-10.2.14.tgz#eb915b665fda41b79652782df3f553449c406b9d"
  integrity sha512-zkDT5WAF4hSSoUgyfg5tFIxz8XQK+25W/TLVojJTMKBaxevLBBtLxgqguAuVQB8PVW79FVjHcU+GJ9tVbDZ9mQ==
  dependencies:
    "@types/http-cache-semantics" "^4.0.2"
    get-stream "^6.0.1"
    http-cache-semantics "^4.1.1"
    keyv "^4.5.3"
    mimic-response "^4.0.0"
    normalize-url "^8.0.0"
    responselike "^3.0.0"

cluster-key-slot@1.1.2:
  version "1.1.2"
  resolved "https://registry.yarnpkg.com/cluster-key-slot/-/cluster-key-slot-1.1.2.tgz#88ddaa46906e303b5de30d3153b7d9fe0a0c19ac"
  integrity sha512-RMr0FhtfXemyinomL4hrWcYJxmX6deFdCxpJzhDttxgO1+bcCnkk+9drydLVDmAMG7NE6aN/fl4F7ucU/90gAA==

colorette@^2.0.19:
  version "2.0.20"
  resolved "https://registry.yarnpkg.com/colorette/-/colorette-2.0.20.tgz#9eb793e6833067f7235902fcd3b09917a000a95a"
  integrity sha512-IfEDxwoWIjkeXL1eXcDiow4UbKjhLdq6/EuSVR9GMN7KVH3r9gQ83e73hsz1Nd1T3ijd5xv1wcWRYO+D6kCI2w==

cross-spawn@^7.0.3:
  version "7.0.3"
  resolved "https://registry.yarnpkg.com/cross-spawn/-/cross-spawn-7.0.3.tgz#f73a85b9d5d41d045551c177e2882d4ac85728a6"
  integrity sha512-iRDPJKUPVEND7dHPO8rkbOnPpyDygcDFtWjpeWNCgy8WP2rXcxXL8TskReQl6OrB2G7+UJrags1q15Fudc7G6w==
  dependencies:
    path-key "^3.1.0"
    shebang-command "^2.0.0"
    which "^2.0.1"

debug@~4.3.1, debug@~4.3.2:
  version "4.3.4"
  resolved "https://registry.yarnpkg.com/debug/-/debug-4.3.4.tgz#1319f6579357f2338d3337d2cdd4914bb5dcc865"
  integrity sha512-PRWFHuSU3eDtQJPvnNY7Jcket1j0t5OuOsFzPPzsekD52Zl8qUfFIPEiswXqIvHWGVHOgX+7G/vCNNhehwxfkQ==
  dependencies:
    ms "2.1.2"

decompress-response@^6.0.0:
  version "6.0.0"
  resolved "https://registry.yarnpkg.com/decompress-response/-/decompress-response-6.0.0.tgz#ca387612ddb7e104bd16d85aab00d5ecf09c66fc"
  integrity sha512-aW35yZM6Bb/4oJlZncMH2LCoZtJXTRxES17vE3hoRiowU2kWHaJKFkSBDnDR+cm9J+9QhXmREyIfv0pji9ejCQ==
  dependencies:
    mimic-response "^3.1.0"

defer-to-connect@^2.0.1:
  version "2.0.1"
  resolved "https://registry.yarnpkg.com/defer-to-connect/-/defer-to-connect-2.0.1.tgz#8016bdb4143e4632b77a3449c6236277de520587"
  integrity sha512-4tvttepXG1VaYGrRibk5EwJd1t4udunSOVMdLSAL6mId1ix438oPwPZMALY41FCijukO1L0twNcGsdzS7dHgDg==

discord-api-types@0.37.61:
  version "0.37.61"
  resolved "https://registry.yarnpkg.com/discord-api-types/-/discord-api-types-0.37.61.tgz#9dd8e58c624237e6f1b23be2d29579af268b8c5b"
  integrity sha512-o/dXNFfhBpYHpQFdT6FWzeO7pKc838QeeZ9d91CfVAtpr5XLK4B/zYxQbYgPdoMiTDvJfzcsLW5naXgmHGDNXw==

discord.js@^14.14.0:
  version "14.14.1"
  resolved "https://registry.yarnpkg.com/discord.js/-/discord.js-14.14.1.tgz#9a2bea23bba13819705ab87612837610abce9ee3"
  integrity sha512-/hUVzkIerxKHyRKopJy5xejp4MYKDPTszAnpYxzVVv4qJYf+Tkt+jnT2N29PIPschicaEEpXwF2ARrTYHYwQ5w==
  dependencies:
    "@discordjs/builders" "^1.7.0"
    "@discordjs/collection" "1.5.3"
    "@discordjs/formatters" "^0.3.3"
    "@discordjs/rest" "^2.1.0"
    "@discordjs/util" "^1.0.2"
    "@discordjs/ws" "^1.0.2"
    "@sapphire/snowflake" "3.5.1"
    "@types/ws" "8.5.9"
    discord-api-types "0.37.61"
    fast-deep-equal "3.1.3"
    lodash.snakecase "4.1.1"
    tslib "2.6.2"
    undici "5.27.2"
    ws "8.14.2"

dotenv@^16.3.1:
  version "16.3.1"
  resolved "https://registry.yarnpkg.com/dotenv/-/dotenv-16.3.1.tgz#369034de7d7e5b120972693352a3bf112172cc3e"
  integrity sha512-IPzF4w4/Rd94bA9imS68tZBaYyBWSCE47V1RGuMrB94iyTOIEwRmVL2x/4An+6mETpLrKJ5hQkB8W4kFAadeIQ==

duplexer@~0.1.1:
  version "0.1.2"
  resolved "https://registry.yarnpkg.com/duplexer/-/duplexer-0.1.2.tgz#3abe43aef3835f8ae077d136ddce0f276b0400e6"
  integrity sha512-jtD6YG370ZCIi/9GTaJKQxWTZD045+4R4hTk/x1UyoqadyJ9x9CgSi1RlVDQF8U2sxLLSnFkCaMihqljHIWgMg==

engine.io-client@~6.5.2:
  version "6.5.2"
  resolved "https://registry.yarnpkg.com/engine.io-client/-/engine.io-client-6.5.2.tgz#8709e22c291d4297ae80318d3c8baeae71f0e002"
  integrity sha512-CQZqbrpEYnrpGqC07a9dJDz4gePZUgTPMU3NKJPSeQOyw27Tst4Pl3FemKoFGAlHzgZmKjoRmiJvbWfhCXUlIg==
  dependencies:
    "@socket.io/component-emitter" "~3.1.0"
    debug "~4.3.1"
    engine.io-parser "~5.2.1"
    ws "~8.11.0"
    xmlhttprequest-ssl "~2.0.0"

engine.io-parser@~5.2.1:
  version "5.2.1"
  resolved "https://registry.yarnpkg.com/engine.io-parser/-/engine.io-parser-5.2.1.tgz#9f213c77512ff1a6cc0c7a86108a7ffceb16fcfb"
  integrity sha512-9JktcM3u18nU9N2Lz3bWeBgxVgOKpw7yhRaoxQA3FUDZzzw+9WlA6p4G4u0RixNkg14fH7EfEc/RhpurtiROTQ==

event-stream@=3.3.4:
  version "3.3.4"
  resolved "https://registry.yarnpkg.com/event-stream/-/event-stream-3.3.4.tgz#4ab4c9a0f5a54db9338b4c34d86bfce8f4b35571"
  integrity sha512-QHpkERcGsR0T7Qm3HNJSyXKEEj8AHNxkY3PK8TS2KJvQ7NiSHe3DDpwVKKtoYprL/AreyzFBeIkBIWChAqn60g==
  dependencies:
    duplexer "~0.1.1"
    from "~0"
    map-stream "~0.1.0"
    pause-stream "0.0.11"
    split "0.3"
    stream-combiner "~0.0.4"
    through "~2.3.1"

fast-deep-equal@3.1.3, fast-deep-equal@^3.1.3:
  version "3.1.3"
  resolved "https://registry.yarnpkg.com/fast-deep-equal/-/fast-deep-equal-3.1.3.tgz#3a7d56b559d6cbc3eb512325244e619a65c6c525"
  integrity sha512-f3qQ9oQy9j2AhBe/H9VC91wLmKBCCU/gDOnKNAYG5hswO7BLKj09Hc5HYNz9cGI++xlpDCIgDaitVs03ATR84Q==

form-data-encoder@^2.1.2:
  version "2.1.4"
  resolved "https://registry.yarnpkg.com/form-data-encoder/-/form-data-encoder-2.1.4.tgz#261ea35d2a70d48d30ec7a9603130fa5515e9cd5"
  integrity sha512-yDYSgNMraqvnxiEXO4hi88+YZxaHC6QKzb5N84iRCTDeRO7ZALpir/lVmf/uXUhnwUr2O4HU8s/n6x+yNjQkHw==

from@~0:
  version "0.1.7"
  resolved "https://registry.yarnpkg.com/from/-/from-0.1.7.tgz#83c60afc58b9c56997007ed1a768b3ab303a44fe"
  integrity sha512-twe20eF1OxVxp/ML/kq2p1uc6KvFK/+vs8WjEbeKmV2He22MKm7YF2ANIt+EOqhJ5L3K/SuuPhk0hWQDjOM23g==

generic-pool@3.9.0:
  version "3.9.0"
  resolved "https://registry.yarnpkg.com/generic-pool/-/generic-pool-3.9.0.tgz#36f4a678e963f4fdb8707eab050823abc4e8f5e4"
  integrity sha512-hymDOu5B53XvN4QT9dBmZxPX4CWhBPPLguTZ9MMFeFa/Kg0xWVfylOVNlJji/E7yTZWFd/q9GO5TxDLq156D7g==

get-stream@^6.0.1:
  version "6.0.1"
  resolved "https://registry.yarnpkg.com/get-stream/-/get-stream-6.0.1.tgz#a262d8eef67aced57c2852ad6167526a43cbf7b7"
  integrity sha512-ts6Wi+2j3jQjqi70w5AlN8DFnkSwC+MqmxEzdEALB2qXZYV3X/b1CTfgPLGJNMeAWxdPfU8FO1ms3NUfaHCPYg==

got@^13.0.0:
  version "13.0.0"
  resolved "https://registry.yarnpkg.com/got/-/got-13.0.0.tgz#a2402862cef27a5d0d1b07c0fb25d12b58175422"
  integrity sha512-XfBk1CxOOScDcMr9O1yKkNaQyy865NbYs+F7dr4H0LZMVgCj2Le59k6PqbNHoL5ToeaEQUYh6c6yMfVcc6SJxA==
  dependencies:
    "@sindresorhus/is" "^5.2.0"
    "@szmarczak/http-timer" "^5.0.1"
    cacheable-lookup "^7.0.0"
    cacheable-request "^10.2.8"
    decompress-response "^6.0.0"
    form-data-encoder "^2.1.2"
    get-stream "^6.0.1"
    http2-wrapper "^2.1.10"
    lowercase-keys "^3.0.0"
    p-cancelable "^3.0.0"
    responselike "^3.0.0"

http-cache-semantics@^4.1.1:
  version "4.1.1"
  resolved "https://registry.yarnpkg.com/http-cache-semantics/-/http-cache-semantics-4.1.1.tgz#abe02fcb2985460bf0323be664436ec3476a6d5a"
  integrity sha512-er295DKPVsV82j5kw1Gjt+ADA/XYHsajl82cGNQG2eyoPkvgUhX+nDIyelzhIWbbsXP39EHcI6l5tYs2FYqYXQ==

http2-wrapper@^2.1.10:
  version "2.2.0"
  resolved "https://registry.yarnpkg.com/http2-wrapper/-/http2-wrapper-2.2.0.tgz#b80ad199d216b7d3680195077bd7b9060fa9d7f3"
  integrity sha512-kZB0wxMo0sh1PehyjJUWRFEd99KC5TLjZ2cULC4f9iqJBAmKQQXEICjxl5iPJRwP40dpeHFqqhm7tYCvODpqpQ==
  dependencies:
    quick-lru "^5.1.1"
    resolve-alpn "^1.2.0"

isexe@^2.0.0:
  version "2.0.0"
  resolved "https://registry.yarnpkg.com/isexe/-/isexe-2.0.0.tgz#e8fbf374dc556ff8947a10dcb0572d633f2cfa10"
  integrity sha512-RHxMLp9lnKHGHRng9QFhRCMbYAcVpn69smSGcq3f36xjgVVWThj4qqLbTLlq7Ssj8B+fIQ1EuCEGI2lKsyQeIw==

json-buffer@3.0.1:
  version "3.0.1"
  resolved "https://registry.yarnpkg.com/json-buffer/-/json-buffer-3.0.1.tgz#9338802a30d3b6605fbe0613e094008ca8c05a13"
  integrity sha512-4bV5BfR2mqfQTJm+V5tPPdf+ZpuhiIvTuAB5g8kcrXOZpTT/QwwVRWBywX1ozr6lEuPdbHxwaJlm9G6mI2sfSQ==

keyv@^4.5.3:
  version "4.5.4"
  resolved "https://registry.yarnpkg.com/keyv/-/keyv-4.5.4.tgz#a879a99e29452f942439f2a405e3af8b31d4de93"
  integrity sha512-oxVHkHR/EJf2CNXnWxRLW6mg7JyCCUcG0DtEGmL2ctUo1PNTin1PUil+r/+4r5MpVgC/fn1kjsx7mjSujKqIpw==
  dependencies:
    json-buffer "3.0.1"

lodash.snakecase@4.1.1:
  version "4.1.1"
  resolved "https://registry.yarnpkg.com/lodash.snakecase/-/lodash.snakecase-4.1.1.tgz#39d714a35357147837aefd64b5dcbb16becd8f8d"
  integrity sha512-QZ1d4xoBHYUeuouhEq3lk3Uq7ldgyFXGBhg04+oRLnIz8o9T65Eh+8YdroUwn846zchkA9yDsDl5CVVaV2nqYw==

lodash@^4.17.21:
  version "4.17.21"
  resolved "https://registry.yarnpkg.com/lodash/-/lodash-4.17.21.tgz#679591c564c3bffaae8454cf0b3df370c3d6911c"
  integrity sha512-v2kDEe57lecTulaDIuNTPy3Ry4gLGJ6Z1O3vE1krgXZNrsQ+LFTGHVxVjcXPs17LhbZVGedAJv8XZ1tvj5FvSg==

lowercase-keys@^3.0.0:
  version "3.0.0"
  resolved "https://registry.yarnpkg.com/lowercase-keys/-/lowercase-keys-3.0.0.tgz#c5e7d442e37ead247ae9db117a9d0a467c89d4f2"
  integrity sha512-ozCC6gdQ+glXOQsveKD0YsDy8DSQFjDTz4zyzEHNV5+JP5D62LmfDZ6o1cycFx9ouG940M5dE8C8CTewdj2YWQ==

magic-bytes.js@^1.5.0:
  version "1.5.0"
  resolved "https://registry.yarnpkg.com/magic-bytes.js/-/magic-bytes.js-1.5.0.tgz#f5531ca53e1c8dab5692b8dcfb360f7ca6c6b6bc"
  integrity sha512-wJkXvutRbNWcc37tt5j1HyOK1nosspdh3dj6LUYYAvF6JYNqs53IfRvK9oEpcwiDA1NdoIi64yAMfdivPeVAyw==

map-stream@~0.1.0:
  version "0.1.0"
  resolved "https://registry.yarnpkg.com/map-stream/-/map-stream-0.1.0.tgz#e56aa94c4c8055a16404a0674b78f215f7c8e194"
  integrity sha512-CkYQrPYZfWnu/DAmVCpTSX/xHpKZ80eKh2lAkyA6AJTef6bW+6JpbQZN5rofum7da+SyN1bi5ctTm+lTfcCW3g==

mimic-response@^3.1.0:
  version "3.1.0"
  resolved "https://registry.yarnpkg.com/mimic-response/-/mimic-response-3.1.0.tgz#2d1d59af9c1b129815accc2c46a022a5ce1fa3c9"
  integrity sha512-z0yWI+4FDrrweS8Zmt4Ej5HdJmky15+L2e6Wgn3+iK5fWzb6T3fhNFq2+MeTRb064c6Wr4N/wv0DzQTjNzHNGQ==

mimic-response@^4.0.0:
  version "4.0.0"
  resolved "https://registry.yarnpkg.com/mimic-response/-/mimic-response-4.0.0.tgz#35468b19e7c75d10f5165ea25e75a5ceea7cf70f"
  integrity sha512-e5ISH9xMYU0DzrT+jl8q2ze9D6eWBto+I8CNpe+VI+K2J/F/k3PdkdTdz4wvGVH4NTpo+NRYTVIuMQEMMcsLqg==

ms@2.1.2:
  version "2.1.2"
  resolved "https://registry.yarnpkg.com/ms/-/ms-2.1.2.tgz#d09d1f357b443f493382a8eb3ccd183872ae6009"
  integrity sha512-sGkPx+VjMtmA6MX27oA4FBFELFCZZ4S4XqeGOXCv68tT+jb3vk/RyaKWP0PTKyWtmLSM0b+adUTEvbs1PEaH2w==

nan@^2.18.0:
  version "2.18.0"
  resolved "https://registry.yarnpkg.com/nan/-/nan-2.18.0.tgz#26a6faae7ffbeb293a39660e88a76b82e30b7554"
  integrity sha512-W7tfG7vMOGtD30sHoZSSc/JVYiyDPEyQVso/Zz+/uQd0B0L46gtC+pHha5FFMRpil6fm/AoEcRWyOVi4+E/f8w==

node-cleanup@^2.1.2:
  version "2.1.2"
  resolved "https://registry.yarnpkg.com/node-cleanup/-/node-cleanup-2.1.2.tgz#7ac19abd297e09a7f72a71545d951b517e4dde2c"
  integrity sha512-qN8v/s2PAJwGUtr1/hYTpNKlD6Y9rc4p8KSmJXyGdYGZsDGKXrGThikLFP9OCHFeLeEpQzPwiAtdIvBLqm//Hw==

node-gyp-build@^4.3.0:
  version "4.6.1"
  resolved "https://registry.yarnpkg.com/node-gyp-build/-/node-gyp-build-4.6.1.tgz#24b6d075e5e391b8d5539d98c7fc5c210cac8a3e"
  integrity sha512-24vnklJmyRS8ViBNI8KbtK/r/DmXQMRiOMXTNz2nrTnAYUwjmEEbnnpB/+kt+yWRv73bPsSPRFddrcIbAxSiMQ==

normalize-url@^8.0.0:
  version "8.0.0"
  resolved "https://registry.yarnpkg.com/normalize-url/-/normalize-url-8.0.0.tgz#593dbd284f743e8dcf6a5ddf8fadff149c82701a"
  integrity sha512-uVFpKhj5MheNBJRTiMZ9pE/7hD1QTeEvugSJW/OmLzAp78PB5O6adfMNTvmfKhXBkvCzC+rqifWcVYpGFwTjnw==

p-cancelable@^3.0.0:
  version "3.0.0"
  resolved "https://registry.yarnpkg.com/p-cancelable/-/p-cancelable-3.0.0.tgz#63826694b54d61ca1c20ebcb6d3ecf5e14cd8050"
  integrity sha512-mlVgR3PGuzlo0MmTdk4cXqXWlwQDLnONTAg6sm62XkMJEiRxN3GL3SffkYvqwonbkJBcrI7Uvv5Zh9yjvn2iUw==

path-key@^3.1.0:
  version "3.1.1"
  resolved "https://registry.yarnpkg.com/path-key/-/path-key-3.1.1.tgz#581f6ade658cbba65a0d3380de7753295054f375"
  integrity sha512-ojmeN0qd+y0jszEtoY48r0Peq5dwMEkIlCOu6Q5f41lfkswXuKtYrhgoTpLnyIcHm24Uhqx+5Tqm2InSwLhE6Q==

pause-stream@0.0.11:
  version "0.0.11"
  resolved "https://registry.yarnpkg.com/pause-stream/-/pause-stream-0.0.11.tgz#fe5a34b0cbce12b5aa6a2b403ee2e73b602f1445"
  integrity sha512-e3FBlXLmN/D1S+zHzanP4E/4Z60oFAa3O051qt1pxa7DEJWKAyil6upYVXCWadEnuoqa4Pkc9oUx9zsxYeRv8A==
  dependencies:
    through "~2.3"

prettier@^3.0.3:
  version "3.0.3"
  resolved "https://registry.yarnpkg.com/prettier/-/prettier-3.0.3.tgz#432a51f7ba422d1469096c0fdc28e235db8f9643"
  integrity sha512-L/4pUDMxcNa8R/EthV08Zt42WBO4h1rarVtK0K+QJG0X187OLo7l699jWw0GKuwzkPQ//jMFA/8Xm6Fh3J/DAg==

ps-tree@^1.2.0:
  version "1.2.0"
  resolved "https://registry.yarnpkg.com/ps-tree/-/ps-tree-1.2.0.tgz#5e7425b89508736cdd4f2224d028f7bb3f722ebd"
  integrity sha512-0VnamPPYHl4uaU/nSFeZZpR21QAWRz+sRv4iW9+v/GS/J5U5iZB5BNN6J0RMoOvdx2gWM2+ZFMIm58q24e4UYA==
  dependencies:
    event-stream "=3.3.4"

quick-lru@^5.1.1:
  version "5.1.1"
  resolved "https://registry.yarnpkg.com/quick-lru/-/quick-lru-5.1.1.tgz#366493e6b3e42a3a6885e2e99d18f80fb7a8c932"
  integrity sha512-WuyALRjWPDGtt/wzJiadO5AXY+8hZ80hVpe6MyivgraREW751X3SbhRvG3eLKOYN+8VEvqLcf3wdnt44Z4S4SA==

redis@^4.6.10:
  version "4.6.10"
  resolved "https://registry.yarnpkg.com/redis/-/redis-4.6.10.tgz#07f6ea2b2c5455b098e76d1e8c9b3376114e9458"
  integrity sha512-mmbyhuKgDiJ5TWUhiKhBssz+mjsuSI/lSZNPI9QvZOYzWvYGejtb+W3RlDDf8LD6Bdl5/mZeG8O1feUGhXTxEg==
  dependencies:
    "@redis/bloom" "1.2.0"
    "@redis/client" "1.5.11"
    "@redis/graph" "1.1.0"
    "@redis/json" "1.0.6"
    "@redis/search" "1.1.5"
    "@redis/time-series" "1.0.5"

resolve-alpn@^1.2.0:
  version "1.2.1"
  resolved "https://registry.yarnpkg.com/resolve-alpn/-/resolve-alpn-1.2.1.tgz#b7adbdac3546aaaec20b45e7d8265927072726f9"
  integrity sha512-0a1F4l73/ZFZOakJnQ3FvkJ2+gSTQWz/r2KE5OdDY0TxPm5h4GkqkWWfM47T7HsbnOtcJVEF4epCVy6u7Q3K+g==

responselike@^3.0.0:
  version "3.0.0"
  resolved "https://registry.yarnpkg.com/responselike/-/responselike-3.0.0.tgz#20decb6c298aff0dbee1c355ca95461d42823626"
  integrity sha512-40yHxbNcl2+rzXvZuVkrYohathsSJlMTXKryG5y8uciHv1+xDLHQpgjG64JUO9nrEq2jGLH6IZ8BcZyw3wrweg==
  dependencies:
    lowercase-keys "^3.0.0"

shebang-command@^2.0.0:
  version "2.0.0"
  resolved "https://registry.yarnpkg.com/shebang-command/-/shebang-command-2.0.0.tgz#ccd0af4f8835fbdc265b82461aaf0c36663f34ea"
  integrity sha512-kHxr2zZpYtdmrN1qDjrrX/Z1rR1kG8Dx+gkpK1G4eXmvXswmcE1hTWBWYUzlraYw1/yZp6YuDY77YtvbN0dmDA==
  dependencies:
    shebang-regex "^3.0.0"

shebang-regex@^3.0.0:
  version "3.0.0"
  resolved "https://registry.yarnpkg.com/shebang-regex/-/shebang-regex-3.0.0.tgz#ae16f1644d873ecad843b0307b143362d4c42172"
  integrity sha512-7++dFhtcx3353uBaq8DDR4NuxBetBzC7ZQOhmTQInHEd6bSrXdiEyzCvG07Z44UYdLShWUyXt5M/yhz8ekcb1A==

socket.io-client@^4.7.2:
  version "4.7.2"
  resolved "https://registry.yarnpkg.com/socket.io-client/-/socket.io-client-4.7.2.tgz#f2f13f68058bd4e40f94f2a1541f275157ff2c08"
  integrity sha512-vtA0uD4ibrYD793SOIAwlo8cj6haOeMHrGvwPxJsxH7CeIksqJ+3Zc06RvWTIFgiSqx4A3sOnTXpfAEE2Zyz6w==
  dependencies:
    "@socket.io/component-emitter" "~3.1.0"
    debug "~4.3.2"
    engine.io-client "~6.5.2"
    socket.io-parser "~4.2.4"

socket.io-parser@~4.2.4:
  version "4.2.4"
  resolved "https://registry.yarnpkg.com/socket.io-parser/-/socket.io-parser-4.2.4.tgz#c806966cf7270601e47469ddeec30fbdfda44c83"
  integrity sha512-/GbIKmo8ioc+NIWIhwdecY0ge+qVBSMdgxGygevmdHj24bsfgtCmcUUcQ5ZzcylGFHsN3k4HB4Cgkl96KVnuew==
  dependencies:
    "@socket.io/component-emitter" "~3.1.0"
    debug "~4.3.1"

split@0.3:
  version "0.3.3"
  resolved "https://registry.yarnpkg.com/split/-/split-0.3.3.tgz#cd0eea5e63a211dfff7eb0f091c4133e2d0dd28f"
  integrity sha512-wD2AeVmxXRBoX44wAycgjVpMhvbwdI2aZjCkvfNcH1YqHQvJVa1duWc73OyVGJUc05fhFaTZeQ/PYsrmyH0JVA==
  dependencies:
    through "2"

stream-combiner@~0.0.4:
  version "0.0.4"
  resolved "https://registry.yarnpkg.com/stream-combiner/-/stream-combiner-0.0.4.tgz#4d5e433c185261dde623ca3f44c586bcf5c4ad14"
  integrity sha512-rT00SPnTVyRsaSz5zgSPma/aHSOic5U1prhYdRy5HS2kTZviFpmDgzilbtsJsxiroqACmayynDN/9VzIbX5DOw==
  dependencies:
    duplexer "~0.1.1"

string-argv@^0.3.1:
  version "0.3.2"
  resolved "https://registry.yarnpkg.com/string-argv/-/string-argv-0.3.2.tgz#2b6d0ef24b656274d957d54e0a4bbf6153dc02b6"
  integrity sha512-aqD2Q0144Z+/RqG52NeHEkZauTAUWJO8c6yTftGJKO3Tja5tUgIfmIl6kExvhtxSDP7fXB6DvzkfMpCd/F3G+Q==

through@2, through@~2.3, through@~2.3.1:
  version "2.3.8"
  resolved "https://registry.yarnpkg.com/through/-/through-2.3.8.tgz#0dd4c9ffaabc357960b1b724115d7e0e86a2e1f5"
  integrity sha512-w89qg7PI8wAdvX60bMDP+bFoD5Dvhm9oLheFp5O4a2QF0cSBGsBX4qZmadPMvVqlLJBBci+WqGGOAPvcDeNSVg==

ts-mixer@^6.0.3:
  version "6.0.3"
  resolved "https://registry.yarnpkg.com/ts-mixer/-/ts-mixer-6.0.3.tgz#69bd50f406ff39daa369885b16c77a6194c7cae6"
  integrity sha512-k43M7uCG1AkTyxgnmI5MPwKoUvS/bRvLvUb7+Pgpdlmok8AoqmUaZxUUw8zKM5B1lqZrt41GjYgnvAi0fppqgQ==

tsc-watch@^6.0.4:
  version "6.0.4"
  resolved "https://registry.yarnpkg.com/tsc-watch/-/tsc-watch-6.0.4.tgz#af15229f03cd53086771a97b10653db063bc6c59"
  integrity sha512-cHvbvhjO86w2aGlaHgSCeQRl+Aqw6X6XN4sQMPZKF88GoP30O+oTuh5lRIJr5pgFWrRpF1AgXnJJ2DoFEIPHyg==
  dependencies:
    cross-spawn "^7.0.3"
    node-cleanup "^2.1.2"
    ps-tree "^1.2.0"
    string-argv "^0.3.1"

tslib@2.6.2, tslib@^2.6.2:
  version "2.6.2"
  resolved "https://registry.yarnpkg.com/tslib/-/tslib-2.6.2.tgz#703ac29425e7b37cd6fd456e92404d46d1f3e4ae"
  integrity sha512-AEYxH93jGFPn/a2iVAwW87VuUIkR1FVUKB77NwMF7nBTDkDrrT/Hpt/IrCJ0QXhW27jTBDcf5ZY7w6RiqTMw2Q==

typescript@^5.2.2:
  version "5.2.2"
  resolved "https://registry.yarnpkg.com/typescript/-/typescript-5.2.2.tgz#5ebb5e5a5b75f085f22bc3f8460fba308310fa78"
  integrity sha512-mI4WrpHsbCIcwT9cF4FZvr80QUeKvsUsUvKDoR+X/7XHQH98xYD8YHZg7ANtz2GtZt/CBq2QJ0thkGJMHfqc1w==

undici-types@~5.26.4:
  version "5.26.5"
  resolved "https://registry.yarnpkg.com/undici-types/-/undici-types-5.26.5.tgz#bcd539893d00b56e964fd2657a4866b221a65617"
  integrity sha512-JlCMO+ehdEIKqlFxk6IfVoAUVmgz7cU7zD/h9XZ0qzeosSHmUJVOzSQvvYSYWXkFXC+IfLKSIffhv0sVZup6pA==

undici@5.27.2:
  version "5.27.2"
  resolved "https://registry.yarnpkg.com/undici/-/undici-5.27.2.tgz#a270c563aea5b46cc0df2550523638c95c5d4411"
  integrity sha512-iS857PdOEy/y3wlM3yRp+6SNQQ6xU0mmZcwRSriqk+et/cwWAtwmIGf6WkoDN2EK/AMdCO/dfXzIwi+rFMrjjQ==
  dependencies:
    "@fastify/busboy" "^2.0.0"

utf-8-validate@^6.0.3:
  version "6.0.3"
  resolved "https://registry.yarnpkg.com/utf-8-validate/-/utf-8-validate-6.0.3.tgz#7d8c936d854e86b24d1d655f138ee27d2636d777"
  integrity sha512-uIuGf9TWQ/y+0Lp+KGZCMuJWc3N9BHA+l/UmHd/oUHwJJDeysyTRxNQVkbzsIWfGFbRe3OcgML/i0mvVRPOyDA==
  dependencies:
    node-gyp-build "^4.3.0"

which@^2.0.1:
  version "2.0.2"
  resolved "https://registry.yarnpkg.com/which/-/which-2.0.2.tgz#7c6a8dd0a636a0327e10b59c9286eee93f3f51b1"
  integrity sha512-BLI3Tl1TW3Pvl70l3yq3Y64i+awpwXqsGBYWkkqMtnbXgrMD+yj7rhW0kuEDxzJaYXGjEW5ogapKNMEKNMjibA==
  dependencies:
    isexe "^2.0.0"

ws@8.14.2, ws@^8.14.2:
  version "8.14.2"
  resolved "https://registry.yarnpkg.com/ws/-/ws-8.14.2.tgz#6c249a806eb2db7a20d26d51e7709eab7b2e6c7f"
  integrity sha512-wEBG1ftX4jcglPxgFCMJmZ2PLtSbJ2Peg6TmpJFTbe9GZYOQCDPdMYu/Tm0/bGZkw8paZnJY45J4K2PZrLYq8g==

ws@~8.11.0:
  version "8.11.0"
  resolved "https://registry.yarnpkg.com/ws/-/ws-8.11.0.tgz#6a0d36b8edfd9f96d8b25683db2f8d7de6e8e143"
  integrity sha512-HPG3wQd9sNQoT9xHyNCXoDUa+Xw/VevmY9FoHyQ+g+rrMn4j6FB4np7Z0OhdTgjx6MgQLK7jwSy1YecU1+4Asg==

xmlhttprequest-ssl@~2.0.0:
  version "2.0.0"
  resolved "https://registry.yarnpkg.com/xmlhttprequest-ssl/-/xmlhttprequest-ssl-2.0.0.tgz#91360c86b914e67f44dce769180027c0da618c67"
  integrity sha512-QKxVRxiRACQcVuQEYFsI1hhkrMlrXHPegbbd1yn9UHOmRxY+si12nQYzri3vbzt8VdTTRviqcKxcyllFas5z2A==

yallist@4.0.0:
  version "4.0.0"
  resolved "https://registry.yarnpkg.com/yallist/-/yallist-4.0.0.tgz#9bb92790d9c0effec63be73519e11a35019a3a72"
  integrity sha512-3wdGidZyq5PB084XLES5TpOSRA3wjXAlIWMhum2kRcv/41Sn2emQ0dycQW4uZXLejwKvg6EsvbdlVL+FYEct7A==

yaml@^2.3.4:
  version "2.3.4"
  resolved "https://registry.yarnpkg.com/yaml/-/yaml-2.3.4.tgz#53fc1d514be80aabf386dc6001eb29bf3b7523b2"
  integrity sha512-8aAvwVUSHpfEqTQ4w/KMlf3HcRdt50E5ODIQJBw1fQ5RL34xabzxtUlzTXVqc4rkZsPbvrXKWnABCD7kWSmocA==

zlib-sync@^0.1.9:
  version "0.1.9"
  resolved "https://registry.yarnpkg.com/zlib-sync/-/zlib-sync-0.1.9.tgz#7075cc257e4551f5d9fc74e24cf2c11e39c7a0d1"
  integrity sha512-DinB43xCjVwIBDpaIvQqHbmDsnYnSt6HJ/yiB2MZQGTqgPcwBSZqLkimXwK8BvdjQ/MaZysb5uEenImncqvCqQ==
  dependencies:
    nan "^2.18.0"
